
Microsoft Visual Studio Solution File, Format Version 12.00
# Visual Studio Version 17
VisualStudioVersion = 17.7.34221.43
MinimumVisualStudioVersion = 10.0.40219.1
Project("{FAE04EC0-301F-11D3-BF4B-00C04F79EFBC}") = "WpfTest2", "WpfTest2.csproj", "{138CE353-7478-41A0-AE55-E2324DB9A692}"
EndProject
Global
	GlobalSection(SolutionConfigurationPlatforms) = preSolution
		Debug|Any CPU = Debug|Any CPU
		Release|Any CPU = Release|Any CPU
	EndGlobalSection
	GlobalSection(ProjectConfigurationPlatforms) = postSolution
		{138CE353-7478-41A0-AE55-E2324DB9A692}.Debug|Any CPU.ActiveCfg = Debug|Any CPU
		{138CE353-7478-41A0-AE55-E2324DB9A692}.Debug|Any CPU.Build.0 = Debug|Any CPU
		{138CE353-7478-41A0-AE55-E2324DB9A692}.Release|Any CPU.ActiveCfg = Release|Any CPU
		{138CE353-7478-41A0-AE55-E2324DB9A692}.Release|Any CPU.Build.0 = Release|Any CPU
	EndGlobalSection
	GlobalSection(SolutionProperties) = preSolution
		HideSolutionNode = FALSE
	EndGlobalSection
	GlobalSection(ExtensibilityGlobals) = postSolution
		SolutionGuid = {E03B9129-8CAB-4962-9714-20EDF8FC3CD0}
	EndGlobalSection
EndGlobal
